{
  "version": 4,
  "terraform_version": "1.1.9",
  "serial": 21,
  "lineage": "8144eacd-ff78-2daa-29f9-a8a1ddd2a54d",
  "outputs": {},
  "resources": [
    {
      "mode": "managed",
      "type": "yandex_compute_instance",
      "name": "firstvm",
      "provider": "provider[\"registry.terraform.io/yandex-cloud/yandex\"]",
      "instances": [
        {
          "schema_version": 1,
          "attributes": {
            "allow_recreate": null,
            "allow_stopping_for_update": null,
            "boot_disk": [
              {
                "auto_delete": true,
                "device_name": "fhm2h77sn8mb1cgu85o0",
                "disk_id": "fhm2h77sn8mb1cgu85o0",
                "initialize_params": [
                  {
                    "block_size": 4096,
                    "description": "",
                    "image_id": "fd8ciuqfa001h8s9sa7i",
                    "name": "",
                    "size": 15,
                    "snapshot_id": "",
                    "type": "network-hdd"
                  }
                ],
                "mode": "READ_WRITE"
              }
            ],
            "created_at": "2022-05-27T08:14:41Z",
            "description": "",
            "folder_id": "b1glq7cpa2cm551ofaa5",
            "fqdn": "fhm9crbg3ind27puhiol.auto.internal",
            "hostname": "fhm9crbg3ind27puhiol",
            "id": "fhm9crbg3ind27puhiol",
            "labels": null,
            "metadata": {
              "user-data": "#cloud-config\nusers:\n  - name: pnats\n    groups: sudo\n    shell /bin/bash\n    sudo: ['ALL=(ALL) NOPASSWORD;ALL']\n    ssh_authorized_keys:\n      - ssh-rsa ssh-rsa AAAAB3NzaC1yc2EAAAADAQABAAABAQDOpHIv95OAuFkF06v4AphOa6drM6GD3NOzU2cnb/tAeQzCwFk4HhezhipMWt7BmByukGFA4D1JcmyldQAYljvju9DPv4Z05EXKyVLOoXKwnHnN5DNjqq2+HlB9jOf08xJIkWoO4/3r85aI7L9Ujocy9mqkNusVKL9k4i+X6mIzk8y8URFZw3maRYQj2xfYAL9lqHW7KXErhSF39s2EjN7zsmm/uhyUANOJqtuiBwx1cp0M2xYbaOYHqMLc22Dhx3PXc+9uCYp3fBbHKXqTR6gKRNyS8Ia1Sz/W5SiNqQxsnHedrEAIVVAdMPMQrNyq83fdSunffUwrlln60JeVWEMP pnatsvin@gmail.com\n    \n"
            },
            "name": "sqlexpress-terraform",
            "network_acceleration_type": "standard",
            "network_interface": [
              {
                "dns_record": [],
                "index": 0,
                "ip_address": "192.168.0.12",
                "ipv4": true,
                "ipv6": false,
                "ipv6_address": "",
                "ipv6_dns_record": [],
                "mac_address": "d0:0d:96:6d:70:1c",
                "nat": true,
                "nat_dns_record": [],
                "nat_ip_address": "51.250.90.147",
                "nat_ip_version": "IPV4",
                "security_group_ids": [],
                "subnet_id": "e9b2d3chqi1kl5qe4an2"
              }
            ],
            "placement_policy": [
              {
                "host_affinity_rules": [],
                "placement_group_id": ""
              }
            ],
            "platform_id": "standard-v3",
            "resources": [
              {
                "core_fraction": 50,
                "cores": 2,
                "gpus": 0,
                "memory": 2
              }
            ],
            "scheduling_policy": [
              {
                "preemptible": true
              }
            ],
            "secondary_disk": [],
            "service_account_id": "",
            "status": "running",
            "timeouts": null,
            "zone": "ru-central1-a"
          },
          "sensitive_attributes": [],
          "private": "eyJlMmJmYjczMC1lY2FhLTExZTYtOGY4OC0zNDM2M2JjN2M0YzAiOnsiY3JlYXRlIjozMDAwMDAwMDAwMDAsImRlbGV0ZSI6MzAwMDAwMDAwMDAwLCJ1cGRhdGUiOjMwMDAwMDAwMDAwMH0sInNjaGVtYV92ZXJzaW9uIjoiMSJ9"
        }
      ]
    },
    {
      "mode": "managed",
      "type": "yandex_compute_instance",
      "name": "vm-2",
      "provider": "provider[\"registry.terraform.io/yandex-cloud/yandex\"]",
      "instances": [
        {
          "schema_version": 1,
          "attributes": {
            "allow_recreate": null,
            "allow_stopping_for_update": null,
            "boot_disk": [
              {
                "auto_delete": true,
                "device_name": "fhmvmau728t37t0th0os",
                "disk_id": "fhmvmau728t37t0th0os",
                "initialize_params": [
                  {
                    "block_size": 4096,
                    "description": "",
                    "image_id": "fd8ciuqfa001h8s9sa7i",
                    "name": "",
                    "size": 20,
                    "snapshot_id": "",
                    "type": "network-hdd"
                  }
                ],
                "mode": "READ_WRITE"
              }
            ],
            "created_at": "2022-05-27T08:14:41Z",
            "description": "",
            "folder_id": "b1glq7cpa2cm551ofaa5",
            "fqdn": "fhm9dv6o9blunn3gdhqs.auto.internal",
            "hostname": "fhm9dv6o9blunn3gdhqs",
            "id": "fhm9dv6o9blunn3gdhqs",
            "labels": null,
            "metadata": {
              "user-data": "#cloud-config\nusers:\n  - name: pnats\n    groups: sudo\n    shell /bin/bash\n    sudo: ['ALL=(ALL) NOPASSWORD;ALL']\n    ssh_authorized_keys:\n      - ssh-rsa ssh-rsa AAAAB3NzaC1yc2EAAAADAQABAAABAQDOpHIv95OAuFkF06v4AphOa6drM6GD3NOzU2cnb/tAeQzCwFk4HhezhipMWt7BmByukGFA4D1JcmyldQAYljvju9DPv4Z05EXKyVLOoXKwnHnN5DNjqq2+HlB9jOf08xJIkWoO4/3r85aI7L9Ujocy9mqkNusVKL9k4i+X6mIzk8y8URFZw3maRYQj2xfYAL9lqHW7KXErhSF39s2EjN7zsmm/uhyUANOJqtuiBwx1cp0M2xYbaOYHqMLc22Dhx3PXc+9uCYp3fBbHKXqTR6gKRNyS8Ia1Sz/W5SiNqQxsnHedrEAIVVAdMPMQrNyq83fdSunffUwrlln60JeVWEMP pnatsvin@gmail.com\n    \n"
            },
            "name": "net-runner-terraform",
            "network_acceleration_type": "standard",
            "network_interface": [
              {
                "dns_record": [],
                "index": 0,
                "ip_address": "192.168.0.10",
                "ipv4": true,
                "ipv6": false,
                "ipv6_address": "",
                "ipv6_dns_record": [],
                "mac_address": "d0:0d:96:fc:d8:4a",
                "nat": true,
                "nat_dns_record": [],
                "nat_ip_address": "51.250.69.163",
                "nat_ip_version": "IPV4",
                "security_group_ids": [],
                "subnet_id": "e9b2d3chqi1kl5qe4an2"
              }
            ],
            "placement_policy": [
              {
                "host_affinity_rules": [],
                "placement_group_id": ""
              }
            ],
            "platform_id": "standard-v3",
            "resources": [
              {
                "core_fraction": 100,
                "cores": 2,
                "gpus": 0,
                "memory": 4
              }
            ],
            "scheduling_policy": [
              {
                "preemptible": true
              }
            ],
            "secondary_disk": [],
            "service_account_id": "",
            "status": "running",
            "timeouts": null,
            "zone": "ru-central1-a"
          },
          "sensitive_attributes": [],
          "private": "eyJlMmJmYjczMC1lY2FhLTExZTYtOGY4OC0zNDM2M2JjN2M0YzAiOnsiY3JlYXRlIjozMDAwMDAwMDAwMDAsImRlbGV0ZSI6MzAwMDAwMDAwMDAwLCJ1cGRhdGUiOjMwMDAwMDAwMDAwMH0sInNjaGVtYV92ZXJzaW9uIjoiMSJ9"
        }
      ]
    }
  ]
}
